
Microsoft Visual Studio Solution File, Format Version 12.00
# Visual Studio Version 16
VisualStudioVersion = 16.0.30907.101
MinimumVisualStudioVersion = 10.0.40219.1
Project("{FAE04EC0-301F-11D3-BF4B-00C04F79EFBC}") = "IterationPractice", "IterationPractice\IterationPractice.csproj", "{EC537D3B-7F9A-41DE-9F88-643A8598372A}"
EndProject
Global
	GlobalSection(SolutionConfigurationPlatforms) = preSolution
		Debug|Any CPU = Debug|Any CPU
		Release|Any CPU = Release|Any CPU
	EndGlobalSection
	GlobalSection(ProjectConfigurationPlatforms) = postSolution
		{EC537D3B-7F9A-41DE-9F88-643A8598372A}.Debug|Any CPU.ActiveCfg = Debug|Any CPU
		{EC537D3B-7F9A-41DE-9F88-643A8598372A}.Debug|Any CPU.Build.0 = Debug|Any CPU
		{EC537D3B-7F9A-41DE-9F88-643A8598372A}.Release|Any CPU.ActiveCfg = Release|Any CPU
		{EC537D3B-7F9A-41DE-9F88-643A8598372A}.Release|Any CPU.Build.0 = Release|Any CPU
	EndGlobalSection
	GlobalSection(SolutionProperties) = preSolution
		HideSolutionNode = FALSE
	EndGlobalSection
	GlobalSection(ExtensibilityGlobals) = postSolution
		SolutionGuid = {6B81054B-9144-495C-B6C5-C775DF54CE7C}
	EndGlobalSection
EndGlobal
